// !$*UTF8*$!
{
	archiveVersion = 1;
	classes = {
	};
	objectVersion = 46;
	objects = {

/* Begin PBXBuildFile section */
		869ABCF61D5D4C5000783E58 /* AppDelegate.swift in Sources */ = {isa = PBXBuildFile; fileRef = 869ABCF51D5D4C5000783E58 /* AppDelegate.swift */; };
		869ABCF81D5D4C5000783E58 /* ViewController.swift in Sources */ = {isa = PBXBuildFile; fileRef = 869ABCF71D5D4C5000783E58 /* ViewController.swift */; };
		869ABCFB1D5D4C5000783E58 /* Main.storyboard in Resources */ = {isa = PBXBuildFile; fileRef = 869ABCF91D5D4C5000783E58 /* Main.storyboard */; };
		869ABCFD1D5D4C5000783E58 /* Assets.xcassets in Resources */ = {isa = PBXBuildFile; fileRef = 869ABCFC1D5D4C5000783E58 /* Assets.xcassets */; };
		869ABD001D5D4C5000783E58 /* LaunchScreen.storyboard in Resources */ = {isa = PBXBuildFile; fileRef = 869ABCFE1D5D4C5000783E58 /* LaunchScreen.storyboard */; };
		869ABD0B1D5D4C5100783E58 /* EmergencyCallerTests.swift in Sources */ = {isa = PBXBuildFile; fileRef = 869ABD0A1D5D4C5100783E58 /* EmergencyCallerTests.swift */; };
		869ABD161D5D4C5100783E58 /* EmergencyCallerUITests.swift in Sources */ = {isa = PBXBuildFile; fileRef = 869ABD151D5D4C5100783E58 /* EmergencyCallerUITests.swift */; };
/* End PBXBuildFile section */

/* Begin PBXContainerItemProxy section */
		869ABD071D5D4C5000783E58 /* PBXContainerItemProxy */ = {
			isa = PBXContainerItemProxy;
			containerPortal = 869ABCEA1D5D4C5000783E58 /* Project object */;
			proxyType = 1;
			remoteGlobalIDString = 869ABCF11D5D4C5000783E58;
			remoteInfo = EmergencyCaller;
		};
		869ABD121D5D4C5100783E58 /* PBXContainerItemProxy */ = {
			isa = PBXContainerItemProxy;
			containerPortal = 869ABCEA1D5D4C5000783E58 /* Project object */;
			proxyType = 1;
			remoteGlobalIDString = 869ABCF11D5D4C5000783E58;
			remoteInfo = EmergencyCaller;
		};
/* End PBXContainerItemProxy section */

/* Begin PBXFileReference section */
		869ABCF21D5D4C5000783E58 /* EmergencyCaller.app */ = {isa = PBXFileReference; explicitFileType = wrapper.application; includeInIndex = 0; path = EmergencyCaller.app; sourceTree = BUILT_PRODUCTS_DIR; };
		869ABCF51D5D4C5000783E58 /* AppDelegate.swift */ = {isa = PBXFileReference; lastKnownFileType = sourcecode.swift; path = AppDelegate.swift; sourceTree = "<group>"; };
		869ABCF71D5D4C5000783E58 /* ViewController.swift */ = {isa = PBXFileReference; lastKnownFileType = sourcecode.swift; path = ViewController.swift; sourceTree = "<group>"; };
		869ABCFA1D5D4C5000783E58 /* Base */ = {isa = PBXFileReference; lastKnownFileType = file.storyboard; name = Base; path = Base.lproj/Main.storyboard; sourceTree = "<group>"; };
		869ABCFC1D5D4C5000783E58 /* Assets.xcassets */ = {isa = PBXFileReference; lastKnownFileType = folder.assetcatalog; path = Assets.xcassets; sourceTree = "<group>"; };
		869ABCFF1D5D4C5000783E58 /* Base */ = {isa = PBXFileReference; lastKnownFileType = file.storyboard; name = Base; path = Base.lproj/LaunchScreen.storyboard; sourceTree = "<group>"; };
		869ABD011D5D4C5000783E58 /* Info.plist */ = {isa = PBXFileReference; lastKnownFileType = text.plist.xml; path = Info.plist; sourceTree = "<group>"; };
		869ABD061D5D4C5000783E58 /* EmergencyCallerTests.xctest */ = {isa = PBXFileReference; explicitFileType = wrapper.cfbundle; includeInIndex = 0; path = EmergencyCallerTests.xctest; sourceTree = BUILT_PRODUCTS_DIR; };
		869ABD0A1D5D4C5100783E58 /* EmergencyCallerTests.swift */ = {isa = PBXFileReference; lastKnownFileType = sourcecode.swift; path = EmergencyCallerTests.swift; sourceTree = "<group>"; };
		869ABD0C1D5D4C5100783E58 /* Info.plist */ = {isa = PBXFileReference; lastKnownFileType = text.plist.xml; path = Info.plist; sourceTree = "<group>"; };
		869ABD111D5D4C5100783E58 /* EmergencyCallerUITests.xctest */ = {isa = PBXFileReference; explicitFileType = wrapper.cfbundle; includeInIndex = 0; path = EmergencyCallerUITests.xctest; sourceTree = BUILT_PRODUCTS_DIR; };
		869ABD151D5D4C5100783E58 /* EmergencyCallerUITests.swift */ = {isa = PBXFileReference; lastKnownFileType = sourcecode.swift; path = EmergencyCallerUITests.swift; sourceTree = "<group>"; };
		869ABD171D5D4C5100783E58 /* Info.plist */ = {isa = PBXFileReference; lastKnownFileType = text.plist.xml; path = Info.plist; sourceTree = "<group>"; };
/* End PBXFileReference section */

/* Begin PBXFrameworksBuildPhase section */
		869ABCEF1D5D4C5000783E58 /* Frameworks */ = {
			isa = PBXFrameworksBuildPhase;
			buildActionMask = 2147483647;
			files = (
			);
			runOnlyForDeploymentPostprocessing = 0;
		};
		869ABD031D5D4C5000783E58 /* Frameworks */ = {
			isa = PBXFrameworksBuildPhase;
			buildActionMask = 2147483647;
			files = (
			);
			runOnlyForDeploymentPostprocessing = 0;
		};
		869ABD0E1D5D4C5100783E58 /* Frameworks */ = {
			isa = PBXFrameworksBuildPhase;
			buildActionMask = 2147483647;
			files = (
			);
			runOnlyForDeploymentPostprocessing = 0;
		};
/* End PBXFrameworksBuildPhase section */

/* Begin PBXGroup section */
		869ABCE91D5D4C5000783E58 = {
			isa = PBXGroup;
			children = (
				869ABCF41D5D4C5000783E58 /* EmergencyCaller */,
				869ABD091D5D4C5100783E58 /* EmergencyCallerTests */,
				869ABD141D5D4C5100783E58 /* EmergencyCallerUITests */,
				869ABCF31D5D4C5000783E58 /* Products */,
			);
			sourceTree = "<group>";
		};
		869ABCF31D5D4C5000783E58 /* Products */ = {
			isa = PBXGroup;
			children = (
				869ABCF21D5D4C5000783E58 /* EmergencyCaller.app */,
				869ABD061D5D4C5000783E58 /* EmergencyCallerTests.xctest */,
				869ABD111D5D4C5100783E58 /* EmergencyCallerUITests.xctest */,
			);
			name = Products;
			sourceTree = "<group>";
		};
		869ABCF41D5D4C5000783E58 /* EmergencyCaller */ = {
			isa = PBXGroup;
			children = (
				869ABCF51D5D4C5000783E58 /* AppDelegate.swift */,
				869ABCF71D5D4C5000783E58 /* ViewController.swift */,
				869ABCF91D5D4C5000783E58 /* Main.storyboard */,
				869ABCFC1D5D4C5000783E58 /* Assets.xcassets */,
				869ABCFE1D5D4C5000783E58 /* LaunchScreen.storyboard */,
				869ABD011D5D4C5000783E58 /* Info.plist */,
			);
			path = EmergencyCaller;
			sourceTree = "<group>";
		};
		869ABD091D5D4C5100783E58 /* EmergencyCallerTests */ = {
			isa = PBXGroup;
			children = (
				869ABD0A1D5D4C5100783E58 /* EmergencyCallerTests.swift */,
				869ABD0C1D5D4C5100783E58 /* Info.plist */,
			);
			path = EmergencyCallerTests;
			sourceTree = "<group>";
		};
		869ABD141D5D4C5100783E58 /* EmergencyCallerUITests */ = {
			isa = PBXGroup;
			children = (
				869ABD151D5D4C5100783E58 /* EmergencyCallerUITests.swift */,
				869ABD171D5D4C5100783E58 /* Info.plist */,
			);
			path = EmergencyCallerUITests;
			sourceTree = "<group>";
		};
/* End PBXGroup section */

/* Begin PBXNativeTarget section */
		869ABCF11D5D4C5000783E58 /* EmergencyCaller */ = {
			isa = PBXNativeTarget;
			buildConfigurationList = 869ABD1A1D5D4C5100783E58 /* Build configuration list for PBXNativeTarget "EmergencyCaller" */;
			buildPhases = (
				869ABCEE1D5D4C5000783E58 /* Sources */,
				869ABCEF1D5D4C5000783E58 /* Frameworks */,
				869ABCF01D5D4C5000783E58 /* Resources */,
			);
			buildRules = (
			);
			dependencies = (
			);
			name = EmergencyCaller;
			productName = EmergencyCaller;
			productReference = 869ABCF21D5D4C5000783E58 /* EmergencyCaller.app */;
			productType = "com.apple.product-type.application";
		};
		869ABD051D5D4C5000783E58 /* EmergencyCallerTests */ = {
			isa = PBXNativeTarget;
			buildConfigurationList = 869ABD1D1D5D4C5100783E58 /* Build configuration list for PBXNativeTarget "EmergencyCallerTests" */;
			buildPhases = (
				869ABD021D5D4C5000783E58 /* Sources */,
				869ABD031D5D4C5000783E58 /* Frameworks */,
				869ABD041D5D4C5000783E58 /* Resources */,
			);
			buildRules = (
			);
			dependencies = (
				869ABD081D5D4C5000783E58 /* PBXTargetDependency */,
			);
			name = EmergencyCallerTests;
			productName = EmergencyCallerTests;
			productReference = 869ABD061D5D4C5000783E58 /* EmergencyCallerTests.xctest */;
			productType = "com.apple.product-type.bundle.unit-test";
		};
		869ABD101D5D4C5100783E58 /* EmergencyCallerUITests */ = {
			isa = PBXNativeTarget;
			buildConfigurationList = 869ABD201D5D4C5100783E58 /* Build configuration list for PBXNativeTarget "EmergencyCallerUITests" */;
			buildPhases = (
				869ABD0D1D5D4C5100783E58 /* Sources */,
				869ABD0E1D5D4C5100783E58 /* Frameworks */,
				869ABD0F1D5D4C5100783E58 /* Resources */,
			);
			buildRules = (
			);
			dependencies = (
				869ABD131D5D4C5100783E58 /* PBXTargetDependency */,
			);
			name = EmergencyCallerUITests;
			productName = EmergencyCallerUITests;
			productReference = 869ABD111D5D4C5100783E58 /* EmergencyCallerUITests.xctest */;
			productType = "com.apple.product-type.bundle.ui-testing";
		};
/* End PBXNativeTarget section */

/* Begin PBXProject section */
		869ABCEA1D5D4C5000783E58 /* Project object */ = {
			isa = PBXProject;
			attributes = {
				LastSwiftUpdateCheck = 0730;
				LastUpgradeCheck = 0730;
				ORGANIZATIONNAME = "Dylan And Matt";
				TargetAttributes = {
					869ABCF11D5D4C5000783E58 = {
						CreatedOnToolsVersion = 7.3.1;
					};
					869ABD051D5D4C5000783E58 = {
						CreatedOnToolsVersion = 7.3.1;
						TestTargetID = 869ABCF11D5D4C5000783E58;
					};
					869ABD101D5D4C5100783E58 = {
						CreatedOnToolsVersion = 7.3.1;
						TestTargetID = 869ABCF11D5D4C5000783E58;
					};
				};
			};
			buildConfigurationList = 869ABCED1D5D4C5000783E58 /* Build configuration list for PBXProject "EmergencyCaller" */;
			compatibilityVersion = "Xcode 3.2";
			developmentRegion = English;
			hasScannedForEncodings = 0;
			knownRegions = (
				en,
				Base,
			);
			mainGroup = 869ABCE91D5D4C5000783E58;
			productRefGroup = 869ABCF31D5D4C5000783E58 /* Products */;
			projectDirPath = "";
			projectRoot = "";
			targets = (
				869ABCF11D5D4C5000783E58 /* EmergencyCaller */,
				869ABD051D5D4C5000783E58 /* EmergencyCallerTests */,
				869ABD101D5D4C5100783E58 /* EmergencyCallerUITests */,
			);
		};
/* End PBXProject section */

/* Begin PBXResourcesBuildPhase section */
		869ABCF01D5D4C5000783E58 /* Resources */ = {
			isa = PBXResourcesBuildPhase;
			buildActionMask = 2147483647;
			files = (
				869ABD001D5D4C5000783E58 /* LaunchScreen.storyboard in Resources */,
				869ABCFD1D5D4C5000783E58 /* Assets.xcassets in Resources */,
				869ABCFB1D5D4C5000783E58 /* Main.storyboard in Resources */,
			);
			runOnlyForDeploymentPostprocessing = 0;
		};
		869ABD041D5D4C5000783E58 /* Resources */ = {
			isa = PBXResourcesBuildPhase;
			buildActionMask = 2147483647;
			files = (
			);
			runOnlyForDeploymentPostprocessing = 0;
		};
		869ABD0F1D5D4C5100783E58 /* Resources */ = {
			isa = PBXResourcesBuildPhase;
			buildActionMask = 2147483647;
			files = (
			);
			runOnlyForDeploymentPostprocessing = 0;
		};
/* End PBXResourcesBuildPhase section */

/* Begin PBXSourcesBuildPhase section */
		869ABCEE1D5D4C5000783E58 /* Sources */ = {
			isa = PBXSourcesBuildPhase;
			buildActionMask = 2147483647;
			files = (
				869ABCF81D5D4C5000783E58 /* ViewController.swift in Sources */,
				869ABCF61D5D4C5000783E58 /* AppDelegate.swift in Sources */,
			);
			runOnlyForDeploymentPostprocessing = 0;
		};
		869ABD021D5D4C5000783E58 /* Sources */ = {
			isa = PBXSourcesBuildPhase;
			buildActionMask = 2147483647;
			files = (
				869ABD0B1D5D4C5100783E58 /* EmergencyCallerTests.swift in Sources */,
			);
			runOnlyForDeploymentPostprocessing = 0;
		};
		869ABD0D1D5D4C5100783E58 /* Sources */ = {
			isa = PBXSourcesBuildPhase;
			buildActionMask = 2147483647;
			files = (
				869ABD161D5D4C5100783E58 /* EmergencyCallerUITests.swift in Sources */,
			);
			runOnlyForDeploymentPostprocessing = 0;
		};
/* End PBXSourcesBuildPhase section */

/* Begin PBXTargetDependency section */
		869ABD081D5D4C5000783E58 /* PBXTargetDependency */ = {
			isa = PBXTargetDependency;
			target = 869ABCF11D5D4C5000783E58 /* EmergencyCaller */;
			targetProxy = 869ABD071D5D4C5000783E58 /* PBXContainerItemProxy */;
		};
		869ABD131D5D4C5100783E58 /* PBXTargetDependency */ = {
			isa = PBXTargetDependency;
			target = 869ABCF11D5D4C5000783E58 /* EmergencyCaller */;
			targetProxy = 869ABD121D5D4C5100783E58 /* PBXContainerItemProxy */;
		};
/* End PBXTargetDependency section */

/* Begin PBXVariantGroup section */
		869ABCF91D5D4C5000783E58 /* Main.storyboard */ = {
			isa = PBXVariantGroup;
			children = (
				869ABCFA1D5D4C5000783E58 /* Base */,
			);
			name = Main.storyboard;
			sourceTree = "<group>";
		};
		869ABCFE1D5D4C5000783E58 /* LaunchScreen.storyboard */ = {
			isa = PBXVariantGroup;
			children = (
				869ABCFF1D5D4C5000783E58 /* Base */,
			);
			name = LaunchScreen.storyboard;
			sourceTree = "<group>";
		};
/* End PBXVariantGroup section */

/* Begin XCBuildConfiguration section */
		869ABD181D5D4C5100783E58 /* Debug */ = {
			isa = XCBuildConfiguration;
			buildSettings = {
				ALWAYS_SEARCH_USER_PATHS = NO;
				CLANG_ANALYZER_NONNULL = YES;
				CLANG_CXX_LANGUAGE_STANDARD = "gnu++0x";
				CLANG_CXX_LIBRARY = "libc++";
				CLANG_ENABLE_MODULES = YES;
				CLANG_ENABLE_OBJC_ARC = YES;
				CLANG_WARN_BOOL_CONVERSION = YES;
				CLANG_WARN_CONSTANT_CONVERSION = YES;
				CLANG_WARN_DIRECT_OBJC_ISA_USAGE = YES_ERROR;
				CLANG_WARN_EMPTY_BODY = YES;
				CLANG_WARN_ENUM_CONVERSION = YES;
				CLANG_WARN_INT_CONVERSION = YES;
				CLANG_WARN_OBJC_ROOT_CLASS = YES_ERROR;
				CLANG_WARN_UNREACHABLE_CODE = YES;
				CLANG_WARN__DUPLICATE_METHOD_MATCH = YES;
				"CODE_SIGN_IDENTITY[sdk=iphoneos*]" = "iPhone Developer";
				COPY_PHASE_STRIP = NO;
				DEBUG_INFORMATION_FORMAT = dwarf;
				ENABLE_STRICT_OBJC_MSGSEND = YES;
				ENABLE_TESTABILITY = YES;
				GCC_C_LANGUAGE_STANDARD = gnu99;
				GCC_DYNAMIC_NO_PIC = NO;
				GCC_NO_COMMON_BLOCKS = YES;
				GCC_OPTIMIZATION_LEVEL = 0;
				GCC_PREPROCESSOR_DEFINITIONS = (
					"DEBUG=1",
					"$(inherited)",
				);
				GCC_WARN_64_TO_32_BIT_CONVERSION = YES;
				GCC_WARN_ABOUT_RETURN_TYPE = YES_ERROR;
				GCC_WARN_UNDECLARED_SELECTOR = YES;
				GCC_WARN_UNINITIALIZED_AUTOS = YES_AGGRESSIVE;
				GCC_WARN_UNUSED_FUNCTION = YES;
				GCC_WARN_UNUSED_VARIABLE = YES;
				IPHONEOS_DEPLOYMENT_TARGET = 9.3;
				MTL_ENABLE_DEBUG_INFO = YES;
				ONLY_ACTIVE_ARCH = YES;
				SDKROOT = iphoneos;
				SWIFT_OPTIMIZATION_LEVEL = "-Onone";
				TARGETED_DEVICE_FAMILY = "1,2";
			};
			name = Debug;
		};
		869ABD191D5D4C5100783E58 /* Release */ = {
			isa = XCBuildConfiguration;
			buildSettings = {
				ALWAYS_SEARCH_USER_PATHS = NO;
				CLANG_ANALYZER_NONNULL = YES;
				CLANG_CXX_LANGUAGE_STANDARD = "gnu++0x";
				CLANG_CXX_LIBRARY = "libc++";
				CLANG_ENABLE_MODULES = YES;
				CLANG_ENABLE_OBJC_ARC = YES;
				CLANG_WARN_BOOL_CONVERSION = YES;
				CLANG_WARN_CONSTANT_CONVERSION = YES;
				CLANG_WARN_DIRECT_OBJC_ISA_USAGE = YES_ERROR;
				CLANG_WARN_EMPTY_BODY = YES;
				CLANG_WARN_ENUM_CONVERSION = YES;
				CLANG_WARN_INT_CONVERSION = YES;
				CLANG_WARN_OBJC_ROOT_CLASS = YES_ERROR;
				CLANG_WARN_UNREACHABLE_CODE = YES;
				CLANG_WARN__DUPLICATE_METHOD_MATCH = YES;
				"CODE_SIGN_IDENTITY[sdk=iphoneos*]" = "iPhone Developer";
				COPY_PHASE_STRIP = NO;
				DEBUG_INFORMATION_FORMAT = "dwarf-with-dsym";
				ENABLE_NS_ASSERTIONS = NO;
				ENABLE_STRICT_OBJC_MSGSEND = YES;
				GCC_C_LANGUAGE_STANDARD = gnu99;
				GCC_NO_COMMON_BLOCKS = YES;
				GCC_WARN_64_TO_32_BIT_CONVERSION = YES;
				GCC_WARN_ABOUT_RETURN_TYPE = YES_ERROR;
				GCC_WARN_UNDECLARED_SELECTOR = YES;
				GCC_WARN_UNINITIALIZED_AUTOS = YES_AGGRESSIVE;
				GCC_WARN_UNUSED_FUNCTION = YES;
				GCC_WARN_UNUSED_VARIABLE = YES;
				IPHONEOS_DEPLOYMENT_TARGET = 9.3;
				MTL_ENABLE_DEBUG_INFO = NO;
				SDKROOT = iphoneos;
				TARGETED_DEVICE_FAMILY = "1,2";
				VALIDATE_PRODUCT = YES;
			};
			name = Release;
		};
		869ABD1B1D5D4C5100783E58 /* Debug */ = {
			isa = XCBuildConfiguration;
			buildSettings = {
				ASSETCATALOG_COMPILER_APPICON_NAME = AppIcon;
				INFOPLIST_FILE = EmergencyCaller/Info.plist;
				LD_RUNPATH_SEARCH_PATHS = "$(inherited) @executable_path/Frameworks";
				PRODUCT_BUNDLE_IDENTIFIER = dylanmatt.EmergencyCaller;
				PRODUCT_NAME = "$(TARGET_NAME)";
			};
			name = Debug;
		};
		869ABD1C1D5D4C5100783E58 /* Release */ = {
			isa = XCBuildConfiguration;
			buildSettings = {
				ASSETCATALOG_COMPILER_APPICON_NAME = AppIcon;
				INFOPLIST_FILE = EmergencyCaller/Info.plist;
				LD_RUNPATH_SEARCH_PATHS = "$(inherited) @executable_path/Frameworks";
				PRODUCT_BUNDLE_IDENTIFIER = dylanmatt.EmergencyCaller;
				PRODUCT_NAME = "$(TARGET_NAME)";
			};
			name = Release;
		};
		869ABD1E1D5D4C5100783E58 /* Debug */ = {
			isa = XCBuildConfiguration;
			buildSettings = {
				BUNDLE_LOADER = "$(TEST_HOST)";
				INFOPLIST_FILE = EmergencyCallerTests/Info.plist;
				LD_RUNPATH_SEARCH_PATHS = "$(inherited) @executable_path/Frameworks @loader_path/Frameworks";
				PRODUCT_BUNDLE_IDENTIFIER = dylanmatt.EmergencyCallerTests;
				PRODUCT_NAME = "$(TARGET_NAME)";
				TEST_HOST = "$(BUILT_PRODUCTS_DIR)/EmergencyCaller.app/EmergencyCaller";
			};
			name = Debug;
		};
		869ABD1F1D5D4C5100783E58 /* Release */ = {
			isa = XCBuildConfiguration;
			buildSettings = {
				BUNDLE_LOADER = "$(TEST_HOST)";
				INFOPLIST_FILE = EmergencyCallerTests/Info.plist;
				LD_RUNPATH_SEARCH_PATHS = "$(inherited) @executable_path/Frameworks @loader_path/Frameworks";
				PRODUCT_BUNDLE_IDENTIFIER = dylanmatt.EmergencyCallerTests;
				PRODUCT_NAME = "$(TARGET_NAME)";
				TEST_HOST = "$(BUILT_PRODUCTS_DIR)/EmergencyCaller.app/EmergencyCaller";
			};
			name = Release;
		};
		869ABD211D5D4C5100783E58 /* Debug */ = {
			isa = XCBuildConfiguration;
			buildSettings = {
				INFOPLIST_FILE = EmergencyCallerUITests/Info.plist;
				LD_RUNPATH_SEARCH_PATHS = "$(inherited) @executable_path/Frameworks @loader_path/Frameworks";
				PRODUCT_BUNDLE_IDENTIFIER = dylanmatt.EmergencyCallerUITests;
				PRODUCT_NAME = "$(TARGET_NAME)";
				TEST_TARGET_NAME = EmergencyCaller;
			};
			name = Debug;
		};
		869ABD221D5D4C5100783E58 /* Release */ = {
			isa = XCBuildConfiguration;
			buildSettings = {
				INFOPLIST_FILE = EmergencyCallerUITests/Info.plist;
				LD_RUNPATH_SEARCH_PATHS = "$(inherited) @executable_path/Frameworks @loader_path/Frameworks";
				PRODUCT_BUNDLE_IDENTIFIER = dylanmatt.EmergencyCallerUITests;
				PRODUCT_NAME = "$(TARGET_NAME)";
				TEST_TARGET_NAME = EmergencyCaller;
			};
			name = Release;
		};
/* End XCBuildConfiguration section */

/* Begin XCConfigurationList section */
		869ABCED1D5D4C5000783E58 /* Build configuration list for PBXProject "EmergencyCaller" */ = {
			isa = XCConfigurationList;
			buildConfigurations = (
				869ABD181D5D4C5100783E58 /* Debug */,
				869ABD191D5D4C5100783E58 /* Release */,
			);
			defaultConfigurationIsVisible = 0;
			defaultConfigurationName = Release;
		};
		869ABD1A1D5D4C5100783E58 /* Build configuration list for PBXNativeTarget "EmergencyCaller" */ = {
			isa = XCConfigurationList;
			buildConfigurations = (
				869ABD1B1D5D4C5100783E58 /* Debug */,
				869ABD1C1D5D4C5100783E58 /* Release */,
			);
			defaultConfigurationIsVisible = 0;
		};
		869ABD1D1D5D4C5100783E58 /* Build configuration list for PBXNativeTarget "EmergencyCallerTests" */ = {
			isa = XCConfigurationList;
			buildConfigurations = (
				869ABD1E1D5D4C5100783E58 /* Debug */,
				869ABD1F1D5D4C5100783E58 /* Release */,
			);
			defaultConfigurationIsVisible = 0;
		};
		869ABD201D5D4C5100783E58 /* Build configuration list for PBXNativeTarget "EmergencyCallerUITests" */ = {
			isa = XCConfigurationList;
			buildConfigurations = (
				869ABD211D5D4C5100783E58 /* Debug */,
				869ABD221D5D4C5100783E58 /* Release */,
			);
			defaultConfigurationIsVisible = 0;
		};
/* End XCConfigurationList section */
	};
	rootObject = 869ABCEA1D5D4C5000783E58 /* Project object */;
}
